github.com/hugomods/search v0.17.1 h1:2pL3pVGmdzF0JxD/EEmE7/xDMPd7Y4eDTMNPxvKHYWw=
github.com/hugomods/search v0.17.1/go.mod h1:xPnDGjP/HCdEWJrJBwwdI2mEtdxFxp+wHBwSl/r2m00=
github.com/nicokaiser/hugo-theme-gallery/v4 v4.2.5 h1:oWQpYYQLiGX+aTL214rapfKehHEJ+TAgWLTZQmBPBzY=
github.com/nicokaiser/hugo-theme-gallery/v4 v4.2.5/go.mod h1:oVtY67dE9NbaJw9jM4G5moHAcgT/UXxdcIQhs52KPoU=
